// !$*UTF8*$!
{
	archiveVersion = 1;
	classes = {
	};
	objectVersion = 46;
	objects = {

/* Begin PBXBuildFile section */
		05C5AE161CBB68BC0025A249 /* AppDelegate.swift in Sources */ = {isa = PBXBuildFile; fileRef = 05C5AE151CBB68BC0025A249 /* AppDelegate.swift */; };
		05C5AE181CBB68BC0025A249 /* ViewController.swift in Sources */ = {isa = PBXBuildFile; fileRef = 05C5AE171CBB68BC0025A249 /* ViewController.swift */; };
		05C5AE1B1CBB68BC0025A249 /* Main.storyboard in Resources */ = {isa = PBXBuildFile; fileRef = 05C5AE191CBB68BC0025A249 /* Main.storyboard */; };
		05C5AE1D1CBB68BC0025A249 /* Assets.xcassets in Resources */ = {isa = PBXBuildFile; fileRef = 05C5AE1C1CBB68BC0025A249 /* Assets.xcassets */; };
		05C5AE201CBB68BC0025A249 /* LaunchScreen.storyboard in Resources */ = {isa = PBXBuildFile; fileRef = 05C5AE1E1CBB68BC0025A249 /* LaunchScreen.storyboard */; };
/* End PBXBuildFile section */

/* Begin PBXFileReference section */
		05C5AE121CBB68BC0025A249 /* TextView.app */ = {isa = PBXFileReference; explicitFileType = wrapper.application; includeInIndex = 0; path = TextView.app; sourceTree = BUILT_PRODUCTS_DIR; };
		05C5AE151CBB68BC0025A249 /* AppDelegate.swift */ = {isa = PBXFileReference; lastKnownFileType = sourcecode.swift; path = AppDelegate.swift; sourceTree = "<group>"; };
		05C5AE171CBB68BC0025A249 /* ViewController.swift */ = {isa = PBXFileReference; lastKnownFileType = sourcecode.swift; path = ViewController.swift; sourceTree = "<group>"; };
		05C5AE1A1CBB68BC0025A249 /* Base */ = {isa = PBXFileReference; lastKnownFileType = file.storyboard; name = Base; path = Base.lproj/Main.storyboard; sourceTree = "<group>"; };
		05C5AE1C1CBB68BC0025A249 /* Assets.xcassets */ = {isa = PBXFileReference; lastKnownFileType = folder.assetcatalog; path = Assets.xcassets; sourceTree = "<group>"; };
		05C5AE1F1CBB68BC0025A249 /* Base */ = {isa = PBXFileReference; lastKnownFileType = file.storyboard; name = Base; path = Base.lproj/LaunchScreen.storyboard; sourceTree = "<group>"; };
		05C5AE211CBB68BC0025A249 /* Info.plist */ = {isa = PBXFileReference; lastKnownFileType = text.plist.xml; path = Info.plist; sourceTree = "<group>"; };
/* End PBXFileReference section */

/* Begin PBXFrameworksBuildPhase section */
		05C5AE0F1CBB68BC0025A249 /* Frameworks */ = {
			isa = PBXFrameworksBuildPhase;
			buildActionMask = 2147483647;
			files = (
			);
			runOnlyForDeploymentPostprocessing = 0;
		};
/* End PBXFrameworksBuildPhase section */

/* Begin PBXGroup section */
		05C5AE091CBB68BC0025A249 = {
			isa = PBXGroup;
			children = (
				05C5AE141CBB68BC0025A249 /* TextView */,
				05C5AE131CBB68BC0025A249 /* Products */,
			);
			sourceTree = "<group>";
		};
		05C5AE131CBB68BC0025A249 /* Products */ = {
			isa = PBXGroup;
			children = (
				05C5AE121CBB68BC0025A249 /* TextView.app */,
			);
			name = Products;
			sourceTree = "<group>";
		};
		05C5AE141CBB68BC0025A249 /* TextView */ = {
			isa = PBXGroup;
			children = (
				05C5AE151CBB68BC0025A249 /* AppDelegate.swift */,
				05C5AE171CBB68BC0025A249 /* ViewController.swift */,
				05C5AE191CBB68BC0025A249 /* Main.storyboard */,
				05C5AE1C1CBB68BC0025A249 /* Assets.xcassets */,
				05C5AE1E1CBB68BC0025A249 /* LaunchScreen.storyboard */,
				05C5AE211CBB68BC0025A249 /* Info.plist */,
			);
			path = TextView;
			sourceTree = "<group>";
		};
/* End PBXGroup section */

/* Begin PBXNativeTarget section */
		05C5AE111CBB68BC0025A249 /* TextView */ = {
			isa = PBXNativeTarget;
			buildConfigurationList = 05C5AE241CBB68BC0025A249 /* Build configuration list for PBXNativeTarget "TextView" */;
			buildPhases = (
				05C5AE0E1CBB68BC0025A249 /* Sources */,
				05C5AE0F1CBB68BC0025A249 /* Frameworks */,
				05C5AE101CBB68BC0025A249 /* Resources */,
			);
			buildRules = (
			);
			dependencies = (
			);
			name = TextView;
			productName = TextView;
			productReference = 05C5AE121CBB68BC0025A249 /* TextView.app */;
			productType = "com.apple.product-type.application";
		};
/* End PBXNativeTarget section */

/* Begin PBXProject section */
		05C5AE0A1CBB68BC0025A249 /* Project object */ = {
			isa = PBXProject;
			attributes = {
				LastSwiftUpdateCheck = 0730;
				LastUpgradeCheck = 0730;
				ORGANIZATIONNAME = "Johannes Plunien";
				TargetAttributes = {
					05C5AE111CBB68BC0025A249 = {
						CreatedOnToolsVersion = 7.3;
					};
				};
			};
			buildConfigurationList = 05C5AE0D1CBB68BC0025A249 /* Build configuration list for PBXProject "TextView" */;
			compatibilityVersion = "Xcode 3.2";
			developmentRegion = English;
			hasScannedForEncodings = 0;
			knownRegions = (
				en,
				Base,
			);
			mainGroup = 05C5AE091CBB68BC0025A249;
			productRefGroup = 05C5AE131CBB68BC0025A249 /* Products */;
			projectDirPath = "";
			projectRoot = "";
			targets = (
				05C5AE111CBB68BC0025A249 /* TextView */,
			);
		};
/* End PBXProject section */

/* Begin PBXResourcesBuildPhase section */
		05C5AE101CBB68BC0025A249 /* Resources */ = {
			isa = PBXResourcesBuildPhase;
			buildActionMask = 2147483647;
			files = (
				05C5AE201CBB68BC0025A249 /* LaunchScreen.storyboard in Resources */,
				05C5AE1D1CBB68BC0025A249 /* Assets.xcassets in Resources */,
				05C5AE1B1CBB68BC0025A249 /* Main.storyboard in Resources */,
			);
			runOnlyForDeploymentPostprocessing = 0;
		};
/* End PBXResourcesBuildPhase section */

/* Begin PBXSourcesBuildPhase section */
		05C5AE0E1CBB68BC0025A249 /* Sources */ = {
			isa = PBXSourcesBuildPhase;
			buildActionMask = 2147483647;
			files = (
				05C5AE181CBB68BC0025A249 /* ViewController.swift in Sources */,
				05C5AE161CBB68BC0025A249 /* AppDelegate.swift in Sources */,
			);
			runOnlyForDeploymentPostprocessing = 0;
		};
/* End PBXSourcesBuildPhase section */

/* Begin PBXVariantGroup section */
		05C5AE191CBB68BC0025A249 /* Main.storyboard */ = {
			isa = PBXVariantGroup;
			children = (
				05C5AE1A1CBB68BC0025A249 /* Base */,
			);
			name = Main.storyboard;
			sourceTree = "<group>";
		};
		05C5AE1E1CBB68BC0025A249 /* LaunchScreen.storyboard */ = {
			isa = PBXVariantGroup;
			children = (
				05C5AE1F1CBB68BC0025A249 /* Base */,
			);
			name = LaunchScreen.storyboard;
			sourceTree = "<group>";
		};
/* End PBXVariantGroup section */

/* Begin XCBuildConfiguration section */
		05C5AE221CBB68BC0025A249 /* Debug */ = {
			isa = XCBuildConfiguration;
			buildSettings = {
				ALWAYS_SEARCH_USER_PATHS = NO;
				CLANG_ANALYZER_NONNULL = YES;
				CLANG_CXX_LANGUAGE_STANDARD = "gnu++0x";
				CLANG_CXX_LIBRARY = "libc++";
				CLANG_ENABLE_MODULES = YES;
				CLANG_ENABLE_OBJC_ARC = YES;
				CLANG_WARN_BOOL_CONVERSION = YES;
				CLANG_WARN_CONSTANT_CONVERSION = YES;
				CLANG_WARN_DIRECT_OBJC_ISA_USAGE = YES_ERROR;
				CLANG_WARN_EMPTY_BODY = YES;
				CLANG_WARN_ENUM_CONVERSION = YES;
				CLANG_WARN_INT_CONVERSION = YES;
				CLANG_WARN_OBJC_ROOT_CLASS = YES_ERROR;
				CLANG_WARN_UNREACHABLE_CODE = YES;
				CLANG_WARN__DUPLICATE_METHOD_MATCH = YES;
				"CODE_SIGN_IDENTITY[sdk=iphoneos*]" = "iPhone Developer";
				COPY_PHASE_STRIP = NO;
				DEBUG_INFORMATION_FORMAT = dwarf;
				ENABLE_STRICT_OBJC_MSGSEND = YES;
				ENABLE_TESTABILITY = YES;
				GCC_C_LANGUAGE_STANDARD = gnu99;
				GCC_DYNAMIC_NO_PIC = NO;
				GCC_NO_COMMON_BLOCKS = YES;
				GCC_OPTIMIZATION_LEVEL = 0;
				GCC_PREPROCESSOR_DEFINITIONS = (
					"DEBUG=1",
					"$(inherited)",
				);
				GCC_WARN_64_TO_32_BIT_CONVERSION = YES;
				GCC_WARN_ABOUT_RETURN_TYPE = YES_ERROR;
				GCC_WARN_UNDECLARED_SELECTOR = YES;
				GCC_WARN_UNINITIALIZED_AUTOS = YES_AGGRESSIVE;
				GCC_WARN_UNUSED_FUNCTION = YES;
				GCC_WARN_UNUSED_VARIABLE = YES;
				IPHONEOS_DEPLOYMENT_TARGET = 9.3;
				MTL_ENABLE_DEBUG_INFO = YES;
				ONLY_ACTIVE_ARCH = YES;
				SDKROOT = iphoneos;
				SWIFT_OPTIMIZATION_LEVEL = "-Onone";
			};
			name = Debug;
		};
		05C5AE231CBB68BC0025A249 /* Release */ = {
			isa = XCBuildConfiguration;
			buildSettings = {
				ALWAYS_SEARCH_USER_PATHS = NO;
				CLANG_ANALYZER_NONNULL = YES;
				CLANG_CXX_LANGUAGE_STANDARD = "gnu++0x";
				CLANG_CXX_LIBRARY = "libc++";
				CLANG_ENABLE_MODULES = YES;
				CLANG_ENABLE_OBJC_ARC = YES;
				CLANG_WARN_BOOL_CONVERSION = YES;
				CLANG_WARN_CONSTANT_CONVERSION = YES;
				CLANG_WARN_DIRECT_OBJC_ISA_USAGE = YES_ERROR;
				CLANG_WARN_EMPTY_BODY = YES;
				CLANG_WARN_ENUM_CONVERSION = YES;
				CLANG_WARN_INT_CONVERSION = YES;
				CLANG_WARN_OBJC_ROOT_CLASS = YES_ERROR;
				CLANG_WARN_UNREACHABLE_CODE = YES;
				CLANG_WARN__DUPLICATE_METHOD_MATCH = YES;
				"CODE_SIGN_IDENTITY[sdk=iphoneos*]" = "iPhone Developer";
				COPY_PHASE_STRIP = NO;
				DEBUG_INFORMATION_FORMAT = "dwarf-with-dsym";
				ENABLE_NS_ASSERTIONS = NO;
				ENABLE_STRICT_OBJC_MSGSEND = YES;
				GCC_C_LANGUAGE_STANDARD = gnu99;
				GCC_NO_COMMON_BLOCKS = YES;
				GCC_WARN_64_TO_32_BIT_CONVERSION = YES;
				GCC_WARN_ABOUT_RETURN_TYPE = YES_ERROR;
				GCC_WARN_UNDECLARED_SELECTOR = YES;
				GCC_WARN_UNINITIALIZED_AUTOS = YES_AGGRESSIVE;
				GCC_WARN_UNUSED_FUNCTION = YES;
				GCC_WARN_UNUSED_VARIABLE = YES;
				IPHONEOS_DEPLOYMENT_TARGET = 9.3;
				MTL_ENABLE_DEBUG_INFO = NO;
				SDKROOT = iphoneos;
				VALIDATE_PRODUCT = YES;
			};
			name = Release;
		};
		05C5AE251CBB68BC0025A249 /* Debug */ = {
			isa = XCBuildConfiguration;
			buildSettings = {
				ASSETCATALOG_COMPILER_APPICON_NAME = AppIcon;
				INFOPLIST_FILE = TextView/Info.plist;
				LD_RUNPATH_SEARCH_PATHS = "$(inherited) @executable_path/Frameworks";
				PRODUCT_BUNDLE_IDENTIFIER = com.plunien.TextView;
				PRODUCT_NAME = "$(TARGET_NAME)";
			};
			name = Debug;
		};
		05C5AE261CBB68BC0025A249 /* Release */ = {
			isa = XCBuildConfiguration;
			buildSettings = {
				ASSETCATALOG_COMPILER_APPICON_NAME = AppIcon;
				INFOPLIST_FILE = TextView/Info.plist;
				LD_RUNPATH_SEARCH_PATHS = "$(inherited) @executable_path/Frameworks";
				PRODUCT_BUNDLE_IDENTIFIER = com.plunien.TextView;
				PRODUCT_NAME = "$(TARGET_NAME)";
			};
			name = Release;
		};
/* End XCBuildConfiguration section */

/* Begin XCConfigurationList section */
		05C5AE0D1CBB68BC0025A249 /* Build configuration list for PBXProject "TextView" */ = {
			isa = XCConfigurationList;
			buildConfigurations = (
				05C5AE221CBB68BC0025A249 /* Debug */,
				05C5AE231CBB68BC0025A249 /* Release */,
			);
			defaultConfigurationIsVisible = 0;
			defaultConfigurationName = Release;
		};
		05C5AE241CBB68BC0025A249 /* Build configuration list for PBXNativeTarget "TextView" */ = {
			isa = XCConfigurationList;
			buildConfigurations = (
				05C5AE251CBB68BC0025A249 /* Debug */,
				05C5AE261CBB68BC0025A249 /* Release */,
			);
			defaultConfigurationIsVisible = 0;
		};
/* End XCConfigurationList section */
	};
	rootObject = 05C5AE0A1CBB68BC0025A249 /* Project object */;
}
